github.com/creack/goselect v0.1.2 h1:2DNy14+JPjRBgPzAd1thbQp4BSIihxcBf0IXhQXDRa0=
github.com/creack/goselect v0.1.2/go.mod h1:a/NhLweNvqIYMuxcMOuWY516Cimucms3DglDzQP3hKY=
github.com/davecgh/go-spew v1.1.1 h1:vj9j/u1bqnvCEfJOwUhtlOARqs3+rkHYY13jYWTU97c=
github.com/davecgh/go-spew v1.1.1/go.mod h1:J7Y8YcW2NihsgmVo/mv3lAwl/skON4iLHjSsI+c5H38=
github.com/ebitengine/gomobile v0.0.0-20250923094054-ea854a63cce1 h1:+kz5iTT3L7uU+VhlMfTb8hHcxLO3TlaELlX8wa4XjA0=
github.com/ebitengine/gomobile v0.0.0-20250923094054-ea854a63cce1/go.mod h1:lKJoeixeJwnFmYsBny4vvCJGVFc3aYDalhuDsfZzWHI=
github.com/ebitengine/hideconsole v1.0.0 h1:5J4U0kXF+pv/DhiXt5/lTz0eO5ogJ1iXb8Yj1yReDqE=
github.com/ebitengine/hideconsole v1.0.0/go.mod h1:hTTBTvVYWKBuxPr7peweneWdkUwEuHuB3C1R/ielR1A=
github.com/ebitengine/purego v0.9.0 h1:mh0zpKBIXDceC63hpvPuGLiJ8ZAa3DfrFTudmfi8A4k=
github.com/ebitengine/purego v0.9.0/go.mod h1:iIjxzd6CiRiOG0UyXP+V1+jWqUXVjPKLAI0mRfJZTmQ=
github.com/hajimehoshi/ebiten/v2 v2.9.9 h1:JdDag6Ndj12iD4lxQGG8kbsrh7ssj4Sbzth6r929H/M=
github.com/hajimehoshi/ebiten/v2 v2.9.9/go.mod h1:DAt4tnkYYpCvu3x9i1X/nK/vOruNXIlYq/tBXxnhrXM=
github.com/jezek/xgb v1.1.1 h1:bE/r8ZZtSv7l9gk6nU0mYx51aXrvnyb44892TwSaqS4=
github.com/jezek/xgb v1.1.1/go.mod h1:nrhwO0FX/enq75I7Y7G8iN1ubpSGZEiA3v9e9GyRFlk=
github.com/jonboulle/clockwork v0.5.0 h1:Hyh9A8u51kptdkR+cqRpT1EebBwTn1oK9YfGYbdFz6I=
github.com/jonboulle/clockwork v0.5.0/go.mod h1:3mZlmanh0g2NDKO5TWZVJAfofYk64M7XN3SzBPjZF60=
github.com/pmezard/go-difflib v1.0.0 h1:4DBwDE0NGyQoBHbLQYPwSUPoCMWR5BEzIk/f1lZbAQM=
github.com/pmezard/go-difflib v1.0.0/go.mod h1:iKH77koFhYxTK1pcRnkKkqfTogsbg7gZNVY4sRDYZ/4=
github.com/stretchr/testify v1.8.4 h1:CcVxjf3Q8PM0mHUKJCdn+eZZtm5yQwehR5yeSVQQcUk=
github.com/stretchr/testify v1.8.4/go.mod h1:sz/lmYIOXD/1dqDmKjjqLyZ2RngseejIcXlSw2iwfAo=
go.bug.st/serial v1.6.4 h1:7FmqNPgVp3pu2Jz5PoPtbZ9jJO5gnEnZIvnI1lzve8A=
go.bug.st/serial v1.6.4/go.mod h1:nofMJxTeNVny/m6+KaafC6vJGj3miwQZ6vW4BZUGJPI=
golang.org/x/image v0.39.0 h1:skVYidAEVKgn8lZ602XO75asgXBgLj9G/FE3RbuPFww=
golang.org/x/image v0.39.0/go.mod h1:sIbmppfU+xFLPIG0FoVUTvyBMmgng1/XAMhQ2ft0hpA=
golang.org/x/sync v0.20.0 h1:e0PTpb7pjO8GAtTs2dQ6jYa5BWYlMuX047Dco/pItO4=
golang.org/x/sync v0.20.0/go.mod h1:9xrNwdLfx4jkKbNva9FpL6vEN7evnE43NNNJQ2LF3+0=
golang.org/x/sys v0.36.0 h1:KVRy2GtZBrk1cBYA7MKu5bEZFxQk4NIDV6RLVcC8o0k=
golang.org/x/sys v0.36.0/go.mod h1:OgkHotnGiDImocRcuBABYBEXf8A9a87e/uXjp9XT3ks=
golang.org/x/text v0.36.0 h1:JfKh3XmcRPqZPKevfXVpI1wXPTqbkE5f7JA92a55Yxg=
golang.org/x/text v0.36.0/go.mod h1:NIdBknypM8iqVmPiuco0Dh6P5Jcdk8lJL0CUebqK164=
gopkg.in/yaml.v3 v3.0.1 h1:fxVm/GzAzEWqLHuvctI91KS9hhNmmWOoWu0XTYJS7CA=
gopkg.in/yaml.v3 v3.0.1/go.mod h1:K4uyk7z7BCEPqu6E+C64Yfv1cQ7kz7rIZviUmN+EgEM=
periph.io/x/conn/v3 v3.7.3 h1:+8UblkC4omTB1M+jZTvTj3qoxQOTJy0ZRQm8DLUuVzc=
periph.io/x/conn/v3 v3.7.3/go.mod h1:tyV9YaYquOJ2Q2yAL0B5zk9ZvHGsbW56M6y92wjyPDQ=
periph.io/x/devices/v3 v3.7.4 h1:g9CGKTtiXS9iyDFDba4sr9pYde4dy+ZCKRPuKpKJdKo=
periph.io/x/devices/v3 v3.7.4/go.mod h1:FqFG9RotW2aCkfIlAes3qxziwgjRTncTMS5cSOcizNg=
periph.io/x/host/v3 v3.8.5 h1:g4g5xE1XZtDiGl1UAJaUur1aT7uNiFLMkyMEiZ7IHII=
periph.io/x/host/v3 v3.8.5/go.mod h1:hPq8dISZIc+UNfWoRj+bPH3XEBQqJPdFdx218W92mdc=
